
Microsoft Visual Studio Solution File, Format Version 12.00
# Visual Studio Version 17
VisualStudioVersion = 17.0.31903.59
MinimumVisualStudioVersion = 10.0.40219.1
Project("{9A19103F-16F7-4668-BE54-9A1E7A4F7556}") = "Final.Api", "Final.Api\Final.Api.csproj", "{D8D5EA7C-2999-46D4-A946-ED7409D8F496}"
EndProject
Project("{9A19103F-16F7-4668-BE54-9A1E7A4F7556}") = "Final.Core", "Final.Core\Final.Core.csproj", "{E9D9AFF7-75BD-4C5F-B599-B6511660D22B}"
EndProject
Project("{9A19103F-16F7-4668-BE54-9A1E7A4F7556}") = "Final.Web", "Final.Web\Final.Web.csproj", "{63EB43E7-DD0D-402B-9434-BB4A17DB96D5}"
EndProject
Global
	GlobalSection(SolutionConfigurationPlatforms) = preSolution
		Debug|Any CPU = Debug|Any CPU
		Release|Any CPU = Release|Any CPU
	EndGlobalSection
	GlobalSection(ProjectConfigurationPlatforms) = postSolution
		{D8D5EA7C-2999-46D4-A946-ED7409D8F496}.Debug|Any CPU.ActiveCfg = Debug|Any CPU
		{D8D5EA7C-2999-46D4-A946-ED7409D8F496}.Debug|Any CPU.Build.0 = Debug|Any CPU
		{D8D5EA7C-2999-46D4-A946-ED7409D8F496}.Release|Any CPU.ActiveCfg = Release|Any CPU
		{D8D5EA7C-2999-46D4-A946-ED7409D8F496}.Release|Any CPU.Build.0 = Release|Any CPU
		{E9D9AFF7-75BD-4C5F-B599-B6511660D22B}.Debug|Any CPU.ActiveCfg = Debug|Any CPU
		{E9D9AFF7-75BD-4C5F-B599-B6511660D22B}.Debug|Any CPU.Build.0 = Debug|Any CPU
		{E9D9AFF7-75BD-4C5F-B599-B6511660D22B}.Release|Any CPU.ActiveCfg = Release|Any CPU
		{E9D9AFF7-75BD-4C5F-B599-B6511660D22B}.Release|Any CPU.Build.0 = Release|Any CPU
		{63EB43E7-DD0D-402B-9434-BB4A17DB96D5}.Debug|Any CPU.ActiveCfg = Debug|Any CPU
		{63EB43E7-DD0D-402B-9434-BB4A17DB96D5}.Debug|Any CPU.Build.0 = Debug|Any CPU
		{63EB43E7-DD0D-402B-9434-BB4A17DB96D5}.Release|Any CPU.ActiveCfg = Release|Any CPU
		{63EB43E7-DD0D-402B-9434-BB4A17DB96D5}.Release|Any CPU.Build.0 = Release|Any CPU
	EndGlobalSection
	GlobalSection(SolutionProperties) = preSolution
		HideSolutionNode = FALSE
	EndGlobalSection
	GlobalSection(ExtensibilityGlobals) = postSolution
		SolutionGuid = {07530680-647F-4772-B78B-FEB904C483D7}
	EndGlobalSection
EndGlobal
